
Microsoft Visual Studio Solution File, Format Version 12.00
# Visual Studio Version 18
VisualStudioVersion = 18.0.11205.157
MinimumVisualStudioVersion = 10.0.40219.1
Project("{FAE04EC0-301F-11D3-BF4B-00C04F79EFBC}") = "001_Basics", "001_Basics\001_Basics.csproj", "{07D06E19-DB6E-423A-860E-3F78D2ED3854}"
EndProject
Project("{FAE04EC0-301F-11D3-BF4B-00C04F79EFBC}") = "002_Arrays", "002_Arrays\002_Arrays.csproj", "{12A88011-855F-4EBC-9131-F2DFAF520090}"
EndProject
Project("{FAE04EC0-301F-11D3-BF4B-00C04F79EFBC}") = "003_String", "003_String\003_String.csproj", "{FD99150E-8E50-4AD1-BE38-A75360EDCFC7}"
EndProject
Project("{FAE04EC0-301F-11D3-BF4B-00C04F79EFBC}") = "004_Classes", "004_Classes\004_Classes.csproj", "{1296B970-9B57-4500-B1F8-518C9DDC622D}"
EndProject
Project("{FAE04EC0-301F-11D3-BF4B-00C04F79EFBC}") = "005_WFExamples", "005_WFExamples\005_WFExamples.csproj", "{B2F47B89-507A-4F97-A22E-75DEAED7D12A}"
EndProject
Project("{FAE04EC0-301F-11D3-BF4B-00C04F79EFBC}") = "006_NameSpace", "006_NameSpace\006_NameSpace.csproj", "{318EE874-9693-49B1-AD01-021BFBFEECB6}"
EndProject
Project("{FAE04EC0-301F-11D3-BF4B-00C04F79EFBC}") = "007_ClassPractice", "007_ClassPractice\007_ClassPractice.csproj", "{C1090C3F-D5F4-4B1B-A718-AA7E219E2DB5}"
EndProject
Project("{FAE04EC0-301F-11D3-BF4B-00C04F79EFBC}") = "008_Properties", "008_Prpperties\008_Properties.csproj", "{8576C480-BA5F-45E5-BC21-C76CA2BA833B}"
EndProject
Project("{FAE04EC0-301F-11D3-BF4B-00C04F79EFBC}") = "009_Structures", "009_Structures\009_Structures.csproj", "{32CCAF53-A633-4CBB-9D77-7545FD7653EA}"
EndProject
Project("{FAE04EC0-301F-11D3-BF4B-00C04F79EFBC}") = "010_Enumerations", "010_Enumerations\010_Enumerations.csproj", "{70C95CA6-5BEA-4844-8BFA-CFD213C00D46}"
EndProject
Project("{FAE04EC0-301F-11D3-BF4B-00C04F79EFBC}") = "011_OperatorsOverloading", "011_OperatorsOverloading\011_OperatorsOverloading.csproj", "{5291DC21-0A0F-43D1-A27F-D188474A3E77}"
EndProject
Project("{FAE04EC0-301F-11D3-BF4B-00C04F79EFBC}") = "Lab_OperatorsOverloading", "Lab_OperatorsOverloading\Lab_OperatorsOverloading.csproj", "{FA537606-0CC5-43A5-AC42-E5A795FFCC02}"
EndProject
Project("{FAE04EC0-301F-11D3-BF4B-00C04F79EFBC}") = "012_Exceptions", "012_Exceptions\012_Exceptions.csproj", "{CA8B32B2-2EDD-4379-A650-F9DFD3EEBF77}"
EndProject
Project("{FAE04EC0-301F-11D3-BF4B-00C04F79EFBC}") = "013_Inheritance", "013_Inheritance\013_Inheritance.csproj", "{670094A4-3D6A-43D0-BC22-19DEED21E645}"
EndProject
Project("{FAE04EC0-301F-11D3-BF4B-00C04F79EFBC}") = "014_Polymorphism", "014_Polymorphism\014_Polymorphism.csproj", "{3B5A117E-5307-4990-97FB-8CD5EC1CCF77}"
EndProject
Project("{FAE04EC0-301F-11D3-BF4B-00C04F79EFBC}") = "013-014_HomeWork", "013-014_HomeWork\013-014_HomeWork.csproj", "{CDE1340A-B58E-40C4-9F6A-51A84E5C0719}"
EndProject
Project("{FAE04EC0-301F-11D3-BF4B-00C04F79EFBC}") = "Lab_ClassVector", "Lab_ClassVector\Lab_ClassVector.csproj", "{325DECCC-B437-40C9-8CF8-1D8B6EB85EDF}"
EndProject
Project("{FAE04EC0-301F-11D3-BF4B-00C04F79EFBC}") = "009-010_HomeWork", "009-010_HomeWork\009-010_HomeWork.csproj", "{2F8F2515-A14F-437A-8E8C-9DB8AFA5C476}"
EndProject
Project("{FAE04EC0-301F-11D3-BF4B-00C04F79EFBC}") = "015_Interface", "015_Interface\015_Interface.csproj", "{949AE6A1-E03B-46E4-852E-B074625A7ECB}"
EndProject
Project("{FAE04EC0-301F-11D3-BF4B-00C04F79EFBC}") = "016_InterfacePractice", "016_InterfacePractice\016_InterfacePractice.csproj", "{83DC21CF-668F-4EFE-AE48-BFED360D8A5B}"
EndProject
Project("{FAE04EC0-301F-11D3-BF4B-00C04F79EFBC}") = "017_StandartInterface", "017_StandartInterface\017_StandartInterface.csproj", "{36218026-4048-486D-B0C0-6DF07154E0C6}"
EndProject
Project("{FAE04EC0-301F-11D3-BF4B-00C04F79EFBC}") = "018_PracticeStandartInterface", "018_PracticeStandartInterface\018_PracticeStandartInterface.csproj", "{0B8EBC48-15B2-4146-BDDD-AEC3CB07BFE7}"
EndProject
Project("{FAE04EC0-301F-11D3-BF4B-00C04F79EFBC}") = "019_UserCollections", "019_UserCollections\019_UserCollections.csproj", "{EC6EFBA0-D007-4DFC-B412-94393FBCD219}"
EndProject
Project("{FAE04EC0-301F-11D3-BF4B-00C04F79EFBC}") = "020_Generics", "020_Generics\020_Generics.csproj", "{4AA2BEFC-B6C8-4997-BCC6-953A6FD3A766}"
EndProject
Project("{FAE04EC0-301F-11D3-BF4B-00C04F79EFBC}") = "021_VectorGeneric", "021_VectorGeneric\021_VectorGeneric.csproj", "{FCD7821D-BAD3-438D-9B77-3BACDB3A0D3C}"
EndProject
Project("{FAE04EC0-301F-11D3-BF4B-00C04F79EFBC}") = "022_Collections", "022_Collections\022_Collections.csproj", "{459CD557-A40A-4806-828C-EEFC72AF626C}"
EndProject
Project("{FAE04EC0-301F-11D3-BF4B-00C04F79EFBC}") = "Lab_ClassList", "Lab_ClassList\Lab_ClassList.csproj", "{F6507DB8-76C4-496E-8C55-E8E231A5D9FC}"
EndProject
Project("{FAE04EC0-301F-11D3-BF4B-00C04F79EFBC}") = "021_ListGeneric", "021_ListGeneric\021_ListGeneric.csproj", "{5192DD3F-563F-44FF-BC51-F121B856B0BF}"
EndProject
Project("{FAE04EC0-301F-11D3-BF4B-00C04F79EFBC}") = "023_Delegates", "023_Delegates\023_Delegates.csproj", "{F20CF5D5-4A43-4804-B234-B43D74FC35A9}"
EndProject
Project("{FAE04EC0-301F-11D3-BF4B-00C04F79EFBC}") = "024_DelegatesPractice", "024_DelegatesPractice\024_DelegatesPractice.csproj", "{46983A93-58F0-438C-BDD9-12A67B2A4046}"
EndProject
Project("{FAE04EC0-301F-11D3-BF4B-00C04F79EFBC}") = "025_LambdaFunc", "025_LambdaFunc\025_LambdaFunc.csproj", "{B1E28FD1-8FAF-47F6-BCE4-E87FE8DA2C9F}"
EndProject
Project("{FAE04EC0-301F-11D3-BF4B-00C04F79EFBC}") = "026_Events", "026_Events\026_Events.csproj", "{0DB4185A-72A8-4180-8BAB-86F4DD9CE424}"
EndProject
Project("{FAE04EC0-301F-11D3-BF4B-00C04F79EFBC}") = "026_EventsPractice", "026_EventsPractice\026_EventsPractice.csproj", "{5480D062-E499-47E1-9B6E-B9E25DAE7B26}"
EndProject
Project("{FAE04EC0-301F-11D3-BF4B-00C04F79EFBC}") = "027_EventsExanpleWF", "027_EventsExanpleWF\027_EventsExanpleWF.csproj", "{35B790CD-25A8-4C0D-B802-C4DD1FF28532}"
EndProject
Project("{FAE04EC0-301F-11D3-BF4B-00C04F79EFBC}") = "028_Ping-Pong", "028_Ping-Pong\028_Ping-Pong.csproj", "{02768C98-1424-43E5-8840-6157A310D8A4}"
EndProject
Project("{FAE04EC0-301F-11D3-BF4B-00C04F79EFBC}") = "029_Files", "029_Files\029_Files.csproj", "{0FBF9BA4-4748-46BD-B58F-31DD506398A5}"
EndProject
Project("{FAE04EC0-301F-11D3-BF4B-00C04F79EFBC}") = "030_Directiories", "030_Directiories\030_Directiories.csproj", "{A9EF738F-E9F0-4395-8538-EB59C2F1EA78}"
EndProject
Project("{FAE04EC0-301F-11D3-BF4B-00C04F79EFBC}") = "031_PersonalClassLib", "031_PersonalClassLib\031_PersonalClassLib.csproj", "{B6E259E2-C6AB-433A-A6A1-A1D573F44071}"
EndProject
Project("{FAE04EC0-301F-11D3-BF4B-00C04F79EFBC}") = "031_SerializConsolApp", "031_DLL-Test\031_SerializConsolApp.csproj", "{CB5BF385-E54B-4494-96FD-278AD0F6B77F}"
EndProject
Project("{FAE04EC0-301F-11D3-BF4B-00C04F79EFBC}") = "032_JsonSerialize", "032_JsonSerialize\032_JsonSerialize.csproj", "{978F4487-DFF4-4569-BC3D-CE03D1B0A5C5}"
EndProject
Project("{FAE04EC0-301F-11D3-BF4B-00C04F79EFBC}") = "033_LINQ", "033_LINQ\033_LINQ.csproj", "{49572521-4F28-420D-B657-0B6C19EC13A4}"
EndProject
Project("{FAE04EC0-301F-11D3-BF4B-00C04F79EFBC}") = "034_LINQ-Practice", "034_LINQ-Practice\034_LINQ-Practice.csproj", "{20B35E70-CE83-4E87-BAE0-1F8AA254A607}"
EndProject
Project("{FAE04EC0-301F-11D3-BF4B-00C04F79EFBC}") = "034_LINQ", "034_LINQ\034_LINQ.csproj", "{F2255F84-E061-401C-B1DC-6516DD62A857}"
EndProject
Project("{FAE04EC0-301F-11D3-BF4B-00C04F79EFBC}") = "035_LINQ_PRACTICE2", "035_LINQ_PRACTICE2\035_LINQ_PRACTICE2.csproj", "{74A28BDC-73B4-4659-A4E5-A538813EF6B8}"
EndProject
Project("{FAE04EC0-301F-11D3-BF4B-00C04F79EFBC}") = "034_WF_Basics", "034_WF_Basics\034_WF_Basics.csproj", "{E0336FB5-7428-7DF3-217C-8C737F4B0F59}"
EndProject
Project("{FAE04EC0-301F-11D3-BF4B-00C04F79EFBC}") = "036_WF-HomeWork", "036_WF-HomeWork\036_WF-HomeWork.csproj", "{7356BC8C-7CF5-4426-A286-497A751EB51E}"
EndProject
Project("{FAE04EC0-301F-11D3-BF4B-00C04F79EFBC}") = "029_Files-HomeWork", "029_Files-HomeWork\029_Files-HomeWork.csproj", "{CAA4EDC6-9717-4F84-AAE9-0B35D6158B18}"
EndProject
Project("{FAE04EC0-301F-11D3-BF4B-00C04F79EFBC}") = "028_Events-StudentExam", "028_Events-StudentExam\028_Events-StudentExam.csproj", "{BB1371EE-B8B7-4629-AE12-93FD5B19194A}"
EndProject
Global
	GlobalSection(SolutionConfigurationPlatforms) = preSolution
		Debug|Any CPU = Debug|Any CPU
		Debug|x64 = Debug|x64
		Release|Any CPU = Release|Any CPU
		Release|x64 = Release|x64
	EndGlobalSection
	GlobalSection(ProjectConfigurationPlatforms) = postSolution
		{07D06E19-DB6E-423A-860E-3F78D2ED3854}.Debug|Any CPU.ActiveCfg = Debug|Any CPU
		{07D06E19-DB6E-423A-860E-3F78D2ED3854}.Debug|Any CPU.Build.0 = Debug|Any CPU
		{07D06E19-DB6E-423A-860E-3F78D2ED3854}.Debug|x64.ActiveCfg = Debug|Any CPU
		{07D06E19-DB6E-423A-860E-3F78D2ED3854}.Debug|x64.Build.0 = Debug|Any CPU
		{07D06E19-DB6E-423A-860E-3F78D2ED3854}.Release|Any CPU.ActiveCfg = Release|Any CPU
		{07D06E19-DB6E-423A-860E-3F78D2ED3854}.Release|Any CPU.Build.0 = Release|Any CPU
		{07D06E19-DB6E-423A-860E-3F78D2ED3854}.Release|x64.ActiveCfg = Release|Any CPU
		{07D06E19-DB6E-423A-860E-3F78D2ED3854}.Release|x64.Build.0 = Release|Any CPU
		{12A88011-855F-4EBC-9131-F2DFAF520090}.Debug|Any CPU.ActiveCfg = Debug|Any CPU
		{12A88011-855F-4EBC-9131-F2DFAF520090}.Debug|Any CPU.Build.0 = Debug|Any CPU
		{12A88011-855F-4EBC-9131-F2DFAF520090}.Debug|x64.ActiveCfg = Debug|Any CPU
		{12A88011-855F-4EBC-9131-F2DFAF520090}.Debug|x64.Build.0 = Debug|Any CPU
		{12A88011-855F-4EBC-9131-F2DFAF520090}.Release|Any CPU.ActiveCfg = Release|Any CPU
		{12A88011-855F-4EBC-9131-F2DFAF520090}.Release|Any CPU.Build.0 = Release|Any CPU
		{12A88011-855F-4EBC-9131-F2DFAF520090}.Release|x64.ActiveCfg = Release|Any CPU
		{12A88011-855F-4EBC-9131-F2DFAF520090}.Release|x64.Build.0 = Release|Any CPU
		{FD99150E-8E50-4AD1-BE38-A75360EDCFC7}.Debug|Any CPU.ActiveCfg = Debug|Any CPU
		{FD99150E-8E50-4AD1-BE38-A75360EDCFC7}.Debug|Any CPU.Build.0 = Debug|Any CPU
		{FD99150E-8E50-4AD1-BE38-A75360EDCFC7}.Debug|x64.ActiveCfg = Debug|Any CPU
		{FD99150E-8E50-4AD1-BE38-A75360EDCFC7}.Debug|x64.Build.0 = Debug|Any CPU
		{FD99150E-8E50-4AD1-BE38-A75360EDCFC7}.Release|Any CPU.ActiveCfg = Release|Any CPU
		{FD99150E-8E50-4AD1-BE38-A75360EDCFC7}.Release|Any CPU.Build.0 = Release|Any CPU
		{FD99150E-8E50-4AD1-BE38-A75360EDCFC7}.Release|x64.ActiveCfg = Release|Any CPU
		{FD99150E-8E50-4AD1-BE38-A75360EDCFC7}.Release|x64.Build.0 = Release|Any CPU
		{1296B970-9B57-4500-B1F8-518C9DDC622D}.Debug|Any CPU.ActiveCfg = Debug|Any CPU
		{1296B970-9B57-4500-B1F8-518C9DDC622D}.Debug|Any CPU.Build.0 = Debug|Any CPU
		{1296B970-9B57-4500-B1F8-518C9DDC622D}.Debug|x64.ActiveCfg = Debug|Any CPU
		{1296B970-9B57-4500-B1F8-518C9DDC622D}.Debug|x64.Build.0 = Debug|Any CPU
		{1296B970-9B57-4500-B1F8-518C9DDC622D}.Release|Any CPU.ActiveCfg = Release|Any CPU
		{1296B970-9B57-4500-B1F8-518C9DDC622D}.Release|Any CPU.Build.0 = Release|Any CPU
		{1296B970-9B57-4500-B1F8-518C9DDC622D}.Release|x64.ActiveCfg = Release|Any CPU
		{1296B970-9B57-4500-B1F8-518C9DDC622D}.Release|x64.Build.0 = Release|Any CPU
		{B2F47B89-507A-4F97-A22E-75DEAED7D12A}.Debug|Any CPU.ActiveCfg = Debug|Any CPU
		{B2F47B89-507A-4F97-A22E-75DEAED7D12A}.Debug|Any CPU.Build.0 = Debug|Any CPU
		{B2F47B89-507A-4F97-A22E-75DEAED7D12A}.Debug|x64.ActiveCfg = Debug|Any CPU
		{B2F47B89-507A-4F97-A22E-75DEAED7D12A}.Debug|x64.Build.0 = Debug|Any CPU
		{B2F47B89-507A-4F97-A22E-75DEAED7D12A}.Release|Any CPU.ActiveCfg = Release|Any CPU
		{B2F47B89-507A-4F97-A22E-75DEAED7D12A}.Release|Any CPU.Build.0 = Release|Any CPU
		{B2F47B89-507A-4F97-A22E-75DEAED7D12A}.Release|x64.ActiveCfg = Release|Any CPU
		{B2F47B89-507A-4F97-A22E-75DEAED7D12A}.Release|x64.Build.0 = Release|Any CPU
		{318EE874-9693-49B1-AD01-021BFBFEECB6}.Debug|Any CPU.ActiveCfg = Debug|Any CPU
		{318EE874-9693-49B1-AD01-021BFBFEECB6}.Debug|Any CPU.Build.0 = Debug|Any CPU
		{318EE874-9693-49B1-AD01-021BFBFEECB6}.Debug|x64.ActiveCfg = Debug|Any CPU
		{318EE874-9693-49B1-AD01-021BFBFEECB6}.Debug|x64.Build.0 = Debug|Any CPU
		{318EE874-9693-49B1-AD01-021BFBFEECB6}.Release|Any CPU.ActiveCfg = Release|Any CPU
		{318EE874-9693-49B1-AD01-021BFBFEECB6}.Release|Any CPU.Build.0 = Release|Any CPU
		{318EE874-9693-49B1-AD01-021BFBFEECB6}.Release|x64.ActiveCfg = Release|Any CPU
		{318EE874-9693-49B1-AD01-021BFBFEECB6}.Release|x64.Build.0 = Release|Any CPU
		{C1090C3F-D5F4-4B1B-A718-AA7E219E2DB5}.Debug|Any CPU.ActiveCfg = Debug|Any CPU
		{C1090C3F-D5F4-4B1B-A718-AA7E219E2DB5}.Debug|Any CPU.Build.0 = Debug|Any CPU
		{C1090C3F-D5F4-4B1B-A718-AA7E219E2DB5}.Debug|x64.ActiveCfg = Debug|Any CPU
		{C1090C3F-D5F4-4B1B-A718-AA7E219E2DB5}.Debug|x64.Build.0 = Debug|Any CPU
		{C1090C3F-D5F4-4B1B-A718-AA7E219E2DB5}.Release|Any CPU.ActiveCfg = Release|Any CPU
		{C1090C3F-D5F4-4B1B-A718-AA7E219E2DB5}.Release|Any CPU.Build.0 = Release|Any CPU
		{C1090C3F-D5F4-4B1B-A718-AA7E219E2DB5}.Release|x64.ActiveCfg = Release|Any CPU
		{C1090C3F-D5F4-4B1B-A718-AA7E219E2DB5}.Release|x64.Build.0 = Release|Any CPU
		{8576C480-BA5F-45E5-BC21-C76CA2BA833B}.Debug|Any CPU.ActiveCfg = Debug|Any CPU
		{8576C480-BA5F-45E5-BC21-C76CA2BA833B}.Debug|Any CPU.Build.0 = Debug|Any CPU
		{8576C480-BA5F-45E5-BC21-C76CA2BA833B}.Debug|x64.ActiveCfg = Debug|Any CPU
		{8576C480-BA5F-45E5-BC21-C76CA2BA833B}.Debug|x64.Build.0 = Debug|Any CPU
		{8576C480-BA5F-45E5-BC21-C76CA2BA833B}.Release|Any CPU.ActiveCfg = Release|Any CPU
		{8576C480-BA5F-45E5-BC21-C76CA2BA833B}.Release|Any CPU.Build.0 = Release|Any CPU
		{8576C480-BA5F-45E5-BC21-C76CA2BA833B}.Release|x64.ActiveCfg = Release|Any CPU
		{8576C480-BA5F-45E5-BC21-C76CA2BA833B}.Release|x64.Build.0 = Release|Any CPU
		{32CCAF53-A633-4CBB-9D77-7545FD7653EA}.Debug|Any CPU.ActiveCfg = Debug|Any CPU
		{32CCAF53-A633-4CBB-9D77-7545FD7653EA}.Debug|Any CPU.Build.0 = Debug|Any CPU
		{32CCAF53-A633-4CBB-9D77-7545FD7653EA}.Debug|x64.ActiveCfg = Debug|Any CPU
		{32CCAF53-A633-4CBB-9D77-7545FD7653EA}.Debug|x64.Build.0 = Debug|Any CPU
		{32CCAF53-A633-4CBB-9D77-7545FD7653EA}.Release|Any CPU.ActiveCfg = Release|Any CPU
		{32CCAF53-A633-4CBB-9D77-7545FD7653EA}.Release|Any CPU.Build.0 = Release|Any CPU
		{32CCAF53-A633-4CBB-9D77-7545FD7653EA}.Release|x64.ActiveCfg = Release|Any CPU
		{32CCAF53-A633-4CBB-9D77-7545FD7653EA}.Release|x64.Build.0 = Release|Any CPU
		{70C95CA6-5BEA-4844-8BFA-CFD213C00D46}.Debug|Any CPU.ActiveCfg = Debug|Any CPU
		{70C95CA6-5BEA-4844-8BFA-CFD213C00D46}.Debug|Any CPU.Build.0 = Debug|Any CPU
		{70C95CA6-5BEA-4844-8BFA-CFD213C00D46}.Debug|x64.ActiveCfg = Debug|Any CPU
		{70C95CA6-5BEA-4844-8BFA-CFD213C00D46}.Debug|x64.Build.0 = Debug|Any CPU
		{70C95CA6-5BEA-4844-8BFA-CFD213C00D46}.Release|Any CPU.ActiveCfg = Release|Any CPU
		{70C95CA6-5BEA-4844-8BFA-CFD213C00D46}.Release|Any CPU.Build.0 = Release|Any CPU
		{70C95CA6-5BEA-4844-8BFA-CFD213C00D46}.Release|x64.ActiveCfg = Release|Any CPU
		{70C95CA6-5BEA-4844-8BFA-CFD213C00D46}.Release|x64.Build.0 = Release|Any CPU
		{5291DC21-0A0F-43D1-A27F-D188474A3E77}.Debug|Any CPU.ActiveCfg = Debug|Any CPU
		{5291DC21-0A0F-43D1-A27F-D188474A3E77}.Debug|Any CPU.Build.0 = Debug|Any CPU
		{5291DC21-0A0F-43D1-A27F-D188474A3E77}.Debug|x64.ActiveCfg = Debug|Any CPU
		{5291DC21-0A0F-43D1-A27F-D188474A3E77}.Debug|x64.Build.0 = Debug|Any CPU
		{5291DC21-0A0F-43D1-A27F-D188474A3E77}.Release|Any CPU.ActiveCfg = Release|Any CPU
		{5291DC21-0A0F-43D1-A27F-D188474A3E77}.Release|Any CPU.Build.0 = Release|Any CPU
		{5291DC21-0A0F-43D1-A27F-D188474A3E77}.Release|x64.ActiveCfg = Release|Any CPU
		{5291DC21-0A0F-43D1-A27F-D188474A3E77}.Release|x64.Build.0 = Release|Any CPU
		{FA537606-0CC5-43A5-AC42-E5A795FFCC02}.Debug|Any CPU.ActiveCfg = Debug|Any CPU
		{FA537606-0CC5-43A5-AC42-E5A795FFCC02}.Debug|Any CPU.Build.0 = Debug|Any CPU
		{FA537606-0CC5-43A5-AC42-E5A795FFCC02}.Debug|x64.ActiveCfg = Debug|Any CPU
		{FA537606-0CC5-43A5-AC42-E5A795FFCC02}.Debug|x64.Build.0 = Debug|Any CPU
		{FA537606-0CC5-43A5-AC42-E5A795FFCC02}.Release|Any CPU.ActiveCfg = Release|Any CPU
		{FA537606-0CC5-43A5-AC42-E5A795FFCC02}.Release|Any CPU.Build.0 = Release|Any CPU
		{FA537606-0CC5-43A5-AC42-E5A795FFCC02}.Release|x64.ActiveCfg = Release|Any CPU
		{FA537606-0CC5-43A5-AC42-E5A795FFCC02}.Release|x64.Build.0 = Release|Any CPU
		{CA8B32B2-2EDD-4379-A650-F9DFD3EEBF77}.Debug|Any CPU.ActiveCfg = Debug|Any CPU
		{CA8B32B2-2EDD-4379-A650-F9DFD3EEBF77}.Debug|Any CPU.Build.0 = Debug|Any CPU
		{CA8B32B2-2EDD-4379-A650-F9DFD3EEBF77}.Debug|x64.ActiveCfg = Debug|Any CPU
		{CA8B32B2-2EDD-4379-A650-F9DFD3EEBF77}.Debug|x64.Build.0 = Debug|Any CPU
		{CA8B32B2-2EDD-4379-A650-F9DFD3EEBF77}.Release|Any CPU.ActiveCfg = Release|Any CPU
		{CA8B32B2-2EDD-4379-A650-F9DFD3EEBF77}.Release|Any CPU.Build.0 = Release|Any CPU
		{CA8B32B2-2EDD-4379-A650-F9DFD3EEBF77}.Release|x64.ActiveCfg = Release|Any CPU
		{CA8B32B2-2EDD-4379-A650-F9DFD3EEBF77}.Release|x64.Build.0 = Release|Any CPU
		{670094A4-3D6A-43D0-BC22-19DEED21E645}.Debug|Any CPU.ActiveCfg = Debug|Any CPU
		{670094A4-3D6A-43D0-BC22-19DEED21E645}.Debug|Any CPU.Build.0 = Debug|Any CPU
		{670094A4-3D6A-43D0-BC22-19DEED21E645}.Debug|x64.ActiveCfg = Debug|Any CPU
		{670094A4-3D6A-43D0-BC22-19DEED21E645}.Debug|x64.Build.0 = Debug|Any CPU
		{670094A4-3D6A-43D0-BC22-19DEED21E645}.Release|Any CPU.ActiveCfg = Release|Any CPU
		{670094A4-3D6A-43D0-BC22-19DEED21E645}.Release|Any CPU.Build.0 = Release|Any CPU
		{670094A4-3D6A-43D0-BC22-19DEED21E645}.Release|x64.ActiveCfg = Release|Any CPU
		{670094A4-3D6A-43D0-BC22-19DEED21E645}.Release|x64.Build.0 = Release|Any CPU
		{3B5A117E-5307-4990-97FB-8CD5EC1CCF77}.Debug|Any CPU.ActiveCfg = Debug|Any CPU
		{3B5A117E-5307-4990-97FB-8CD5EC1CCF77}.Debug|Any CPU.Build.0 = Debug|Any CPU
		{3B5A117E-5307-4990-97FB-8CD5EC1CCF77}.Debug|x64.ActiveCfg = Debug|Any CPU
		{3B5A117E-5307-4990-97FB-8CD5EC1CCF77}.Debug|x64.Build.0 = Debug|Any CPU
		{3B5A117E-5307-4990-97FB-8CD5EC1CCF77}.Release|Any CPU.ActiveCfg = Release|Any CPU
		{3B5A117E-5307-4990-97FB-8CD5EC1CCF77}.Release|Any CPU.Build.0 = Release|Any CPU
		{3B5A117E-5307-4990-97FB-8CD5EC1CCF77}.Release|x64.ActiveCfg = Release|Any CPU
		{3B5A117E-5307-4990-97FB-8CD5EC1CCF77}.Release|x64.Build.0 = Release|Any CPU
		{CDE1340A-B58E-40C4-9F6A-51A84E5C0719}.Debug|Any CPU.ActiveCfg = Debug|Any CPU
		{CDE1340A-B58E-40C4-9F6A-51A84E5C0719}.Debug|Any CPU.Build.0 = Debug|Any CPU
		{CDE1340A-B58E-40C4-9F6A-51A84E5C0719}.Debug|x64.ActiveCfg = Debug|Any CPU
		{CDE1340A-B58E-40C4-9F6A-51A84E5C0719}.Debug|x64.Build.0 = Debug|Any CPU
		{CDE1340A-B58E-40C4-9F6A-51A84E5C0719}.Release|Any CPU.ActiveCfg = Release|Any CPU
		{CDE1340A-B58E-40C4-9F6A-51A84E5C0719}.Release|Any CPU.Build.0 = Release|Any CPU
		{CDE1340A-B58E-40C4-9F6A-51A84E5C0719}.Release|x64.ActiveCfg = Release|Any CPU
		{CDE1340A-B58E-40C4-9F6A-51A84E5C0719}.Release|x64.Build.0 = Release|Any CPU
		{325DECCC-B437-40C9-8CF8-1D8B6EB85EDF}.Debug|Any CPU.ActiveCfg = Debug|Any CPU
		{325DECCC-B437-40C9-8CF8-1D8B6EB85EDF}.Debug|Any CPU.Build.0 = Debug|Any CPU
		{325DECCC-B437-40C9-8CF8-1D8B6EB85EDF}.Debug|x64.ActiveCfg = Debug|Any CPU
		{325DECCC-B437-40C9-8CF8-1D8B6EB85EDF}.Debug|x64.Build.0 = Debug|Any CPU
		{325DECCC-B437-40C9-8CF8-1D8B6EB85EDF}.Release|Any CPU.ActiveCfg = Release|Any CPU
		{325DECCC-B437-40C9-8CF8-1D8B6EB85EDF}.Release|Any CPU.Build.0 = Release|Any CPU
		{325DECCC-B437-40C9-8CF8-1D8B6EB85EDF}.Release|x64.ActiveCfg = Release|Any CPU
		{325DECCC-B437-40C9-8CF8-1D8B6EB85EDF}.Release|x64.Build.0 = Release|Any CPU
		{2F8F2515-A14F-437A-8E8C-9DB8AFA5C476}.Debug|Any CPU.ActiveCfg = Debug|Any CPU
		{2F8F2515-A14F-437A-8E8C-9DB8AFA5C476}.Debug|Any CPU.Build.0 = Debug|Any CPU
		{2F8F2515-A14F-437A-8E8C-9DB8AFA5C476}.Debug|x64.ActiveCfg = Debug|Any CPU
		{2F8F2515-A14F-437A-8E8C-9DB8AFA5C476}.Debug|x64.Build.0 = Debug|Any CPU
		{2F8F2515-A14F-437A-8E8C-9DB8AFA5C476}.Release|Any CPU.ActiveCfg = Release|Any CPU
		{2F8F2515-A14F-437A-8E8C-9DB8AFA5C476}.Release|Any CPU.Build.0 = Release|Any CPU
		{2F8F2515-A14F-437A-8E8C-9DB8AFA5C476}.Release|x64.ActiveCfg = Release|Any CPU
		{2F8F2515-A14F-437A-8E8C-9DB8AFA5C476}.Release|x64.Build.0 = Release|Any CPU
		{949AE6A1-E03B-46E4-852E-B074625A7ECB}.Debug|Any CPU.ActiveCfg = Debug|Any CPU
		{949AE6A1-E03B-46E4-852E-B074625A7ECB}.Debug|Any CPU.Build.0 = Debug|Any CPU
		{949AE6A1-E03B-46E4-852E-B074625A7ECB}.Debug|x64.ActiveCfg = Debug|Any CPU
		{949AE6A1-E03B-46E4-852E-B074625A7ECB}.Debug|x64.Build.0 = Debug|Any CPU
		{949AE6A1-E03B-46E4-852E-B074625A7ECB}.Release|Any CPU.ActiveCfg = Release|Any CPU
		{949AE6A1-E03B-46E4-852E-B074625A7ECB}.Release|Any CPU.Build.0 = Release|Any CPU
		{949AE6A1-E03B-46E4-852E-B074625A7ECB}.Release|x64.ActiveCfg = Release|Any CPU
		{949AE6A1-E03B-46E4-852E-B074625A7ECB}.Release|x64.Build.0 = Release|Any CPU
		{83DC21CF-668F-4EFE-AE48-BFED360D8A5B}.Debug|Any CPU.ActiveCfg = Debug|Any CPU
		{83DC21CF-668F-4EFE-AE48-BFED360D8A5B}.Debug|Any CPU.Build.0 = Debug|Any CPU
		{83DC21CF-668F-4EFE-AE48-BFED360D8A5B}.Debug|x64.ActiveCfg = Debug|Any CPU
		{83DC21CF-668F-4EFE-AE48-BFED360D8A5B}.Debug|x64.Build.0 = Debug|Any CPU
		{83DC21CF-668F-4EFE-AE48-BFED360D8A5B}.Release|Any CPU.ActiveCfg = Release|Any CPU
		{83DC21CF-668F-4EFE-AE48-BFED360D8A5B}.Release|Any CPU.Build.0 = Release|Any CPU
		{83DC21CF-668F-4EFE-AE48-BFED360D8A5B}.Release|x64.ActiveCfg = Release|Any CPU
		{83DC21CF-668F-4EFE-AE48-BFED360D8A5B}.Release|x64.Build.0 = Release|Any CPU
		{36218026-4048-486D-B0C0-6DF07154E0C6}.Debug|Any CPU.ActiveCfg = Debug|Any CPU
		{36218026-4048-486D-B0C0-6DF07154E0C6}.Debug|Any CPU.Build.0 = Debug|Any CPU
		{36218026-4048-486D-B0C0-6DF07154E0C6}.Debug|x64.ActiveCfg = Debug|Any CPU
		{36218026-4048-486D-B0C0-6DF07154E0C6}.Debug|x64.Build.0 = Debug|Any CPU
		{36218026-4048-486D-B0C0-6DF07154E0C6}.Release|Any CPU.ActiveCfg = Release|Any CPU
		{36218026-4048-486D-B0C0-6DF07154E0C6}.Release|Any CPU.Build.0 = Release|Any CPU
		{36218026-4048-486D-B0C0-6DF07154E0C6}.Release|x64.ActiveCfg = Release|Any CPU
		{36218026-4048-486D-B0C0-6DF07154E0C6}.Release|x64.Build.0 = Release|Any CPU
		{0B8EBC48-15B2-4146-BDDD-AEC3CB07BFE7}.Debug|Any CPU.ActiveCfg = Debug|Any CPU
		{0B8EBC48-15B2-4146-BDDD-AEC3CB07BFE7}.Debug|Any CPU.Build.0 = Debug|Any CPU
		{0B8EBC48-15B2-4146-BDDD-AEC3CB07BFE7}.Debug|x64.ActiveCfg = Debug|Any CPU
		{0B8EBC48-15B2-4146-BDDD-AEC3CB07BFE7}.Debug|x64.Build.0 = Debug|Any CPU
		{0B8EBC48-15B2-4146-BDDD-AEC3CB07BFE7}.Release|Any CPU.ActiveCfg = Release|Any CPU
		{0B8EBC48-15B2-4146-BDDD-AEC3CB07BFE7}.Release|Any CPU.Build.0 = Release|Any CPU
		{0B8EBC48-15B2-4146-BDDD-AEC3CB07BFE7}.Release|x64.ActiveCfg = Release|Any CPU
		{0B8EBC48-15B2-4146-BDDD-AEC3CB07BFE7}.Release|x64.Build.0 = Release|Any CPU
		{EC6EFBA0-D007-4DFC-B412-94393FBCD219}.Debug|Any CPU.ActiveCfg = Debug|Any CPU
		{EC6EFBA0-D007-4DFC-B412-94393FBCD219}.Debug|Any CPU.Build.0 = Debug|Any CPU
		{EC6EFBA0-D007-4DFC-B412-94393FBCD219}.Debug|x64.ActiveCfg = Debug|Any CPU
		{EC6EFBA0-D007-4DFC-B412-94393FBCD219}.Debug|x64.Build.0 = Debug|Any CPU
		{EC6EFBA0-D007-4DFC-B412-94393FBCD219}.Release|Any CPU.ActiveCfg = Release|Any CPU
		{EC6EFBA0-D007-4DFC-B412-94393FBCD219}.Release|Any CPU.Build.0 = Release|Any CPU
		{EC6EFBA0-D007-4DFC-B412-94393FBCD219}.Release|x64.ActiveCfg = Release|Any CPU
		{EC6EFBA0-D007-4DFC-B412-94393FBCD219}.Release|x64.Build.0 = Release|Any CPU
		{4AA2BEFC-B6C8-4997-BCC6-953A6FD3A766}.Debug|Any CPU.ActiveCfg = Debug|Any CPU
		{4AA2BEFC-B6C8-4997-BCC6-953A6FD3A766}.Debug|Any CPU.Build.0 = Debug|Any CPU
		{4AA2BEFC-B6C8-4997-BCC6-953A6FD3A766}.Debug|x64.ActiveCfg = Debug|Any CPU
		{4AA2BEFC-B6C8-4997-BCC6-953A6FD3A766}.Debug|x64.Build.0 = Debug|Any CPU
		{4AA2BEFC-B6C8-4997-BCC6-953A6FD3A766}.Release|Any CPU.ActiveCfg = Release|Any CPU
		{4AA2BEFC-B6C8-4997-BCC6-953A6FD3A766}.Release|Any CPU.Build.0 = Release|Any CPU
		{4AA2BEFC-B6C8-4997-BCC6-953A6FD3A766}.Release|x64.ActiveCfg = Release|Any CPU
		{4AA2BEFC-B6C8-4997-BCC6-953A6FD3A766}.Release|x64.Build.0 = Release|Any CPU
		{FCD7821D-BAD3-438D-9B77-3BACDB3A0D3C}.Debug|Any CPU.ActiveCfg = Debug|Any CPU
		{FCD7821D-BAD3-438D-9B77-3BACDB3A0D3C}.Debug|Any CPU.Build.0 = Debug|Any CPU
		{FCD7821D-BAD3-438D-9B77-3BACDB3A0D3C}.Debug|x64.ActiveCfg = Debug|Any CPU
		{FCD7821D-BAD3-438D-9B77-3BACDB3A0D3C}.Debug|x64.Build.0 = Debug|Any CPU
		{FCD7821D-BAD3-438D-9B77-3BACDB3A0D3C}.Release|Any CPU.ActiveCfg = Release|Any CPU
		{FCD7821D-BAD3-438D-9B77-3BACDB3A0D3C}.Release|Any CPU.Build.0 = Release|Any CPU
		{FCD7821D-BAD3-438D-9B77-3BACDB3A0D3C}.Release|x64.ActiveCfg = Release|Any CPU
		{FCD7821D-BAD3-438D-9B77-3BACDB3A0D3C}.Release|x64.Build.0 = Release|Any CPU
		{459CD557-A40A-4806-828C-EEFC72AF626C}.Debug|Any CPU.ActiveCfg = Debug|Any CPU
		{459CD557-A40A-4806-828C-EEFC72AF626C}.Debug|Any CPU.Build.0 = Debug|Any CPU
		{459CD557-A40A-4806-828C-EEFC72AF626C}.Debug|x64.ActiveCfg = Debug|Any CPU
		{459CD557-A40A-4806-828C-EEFC72AF626C}.Debug|x64.Build.0 = Debug|Any CPU
		{459CD557-A40A-4806-828C-EEFC72AF626C}.Release|Any CPU.ActiveCfg = Release|Any CPU
		{459CD557-A40A-4806-828C-EEFC72AF626C}.Release|Any CPU.Build.0 = Release|Any CPU
		{459CD557-A40A-4806-828C-EEFC72AF626C}.Release|x64.ActiveCfg = Release|Any CPU
		{459CD557-A40A-4806-828C-EEFC72AF626C}.Release|x64.Build.0 = Release|Any CPU
		{F6507DB8-76C4-496E-8C55-E8E231A5D9FC}.Debug|Any CPU.ActiveCfg = Debug|Any CPU
		{F6507DB8-76C4-496E-8C55-E8E231A5D9FC}.Debug|Any CPU.Build.0 = Debug|Any CPU
		{F6507DB8-76C4-496E-8C55-E8E231A5D9FC}.Debug|x64.ActiveCfg = Debug|Any CPU
		{F6507DB8-76C4-496E-8C55-E8E231A5D9FC}.Debug|x64.Build.0 = Debug|Any CPU
		{F6507DB8-76C4-496E-8C55-E8E231A5D9FC}.Release|Any CPU.ActiveCfg = Release|Any CPU
		{F6507DB8-76C4-496E-8C55-E8E231A5D9FC}.Release|Any CPU.Build.0 = Release|Any CPU
		{F6507DB8-76C4-496E-8C55-E8E231A5D9FC}.Release|x64.ActiveCfg = Release|Any CPU
		{F6507DB8-76C4-496E-8C55-E8E231A5D9FC}.Release|x64.Build.0 = Release|Any CPU
		{5192DD3F-563F-44FF-BC51-F121B856B0BF}.Debug|Any CPU.ActiveCfg = Debug|Any CPU
		{5192DD3F-563F-44FF-BC51-F121B856B0BF}.Debug|Any CPU.Build.0 = Debug|Any CPU
		{5192DD3F-563F-44FF-BC51-F121B856B0BF}.Debug|x64.ActiveCfg = Debug|Any CPU
		{5192DD3F-563F-44FF-BC51-F121B856B0BF}.Debug|x64.Build.0 = Debug|Any CPU
		{5192DD3F-563F-44FF-BC51-F121B856B0BF}.Release|Any CPU.ActiveCfg = Release|Any CPU
		{5192DD3F-563F-44FF-BC51-F121B856B0BF}.Release|Any CPU.Build.0 = Release|Any CPU
		{5192DD3F-563F-44FF-BC51-F121B856B0BF}.Release|x64.ActiveCfg = Release|Any CPU
		{5192DD3F-563F-44FF-BC51-F121B856B0BF}.Release|x64.Build.0 = Release|Any CPU
		{F20CF5D5-4A43-4804-B234-B43D74FC35A9}.Debug|Any CPU.ActiveCfg = Debug|Any CPU
		{F20CF5D5-4A43-4804-B234-B43D74FC35A9}.Debug|Any CPU.Build.0 = Debug|Any CPU
		{F20CF5D5-4A43-4804-B234-B43D74FC35A9}.Debug|x64.ActiveCfg = Debug|Any CPU
		{F20CF5D5-4A43-4804-B234-B43D74FC35A9}.Debug|x64.Build.0 = Debug|Any CPU
		{F20CF5D5-4A43-4804-B234-B43D74FC35A9}.Release|Any CPU.ActiveCfg = Release|Any CPU
		{F20CF5D5-4A43-4804-B234-B43D74FC35A9}.Release|Any CPU.Build.0 = Release|Any CPU
		{F20CF5D5-4A43-4804-B234-B43D74FC35A9}.Release|x64.ActiveCfg = Release|Any CPU
		{F20CF5D5-4A43-4804-B234-B43D74FC35A9}.Release|x64.Build.0 = Release|Any CPU
		{46983A93-58F0-438C-BDD9-12A67B2A4046}.Debug|Any CPU.ActiveCfg = Debug|Any CPU
		{46983A93-58F0-438C-BDD9-12A67B2A4046}.Debug|Any CPU.Build.0 = Debug|Any CPU
		{46983A93-58F0-438C-BDD9-12A67B2A4046}.Debug|x64.ActiveCfg = Debug|Any CPU
		{46983A93-58F0-438C-BDD9-12A67B2A4046}.Debug|x64.Build.0 = Debug|Any CPU
		{46983A93-58F0-438C-BDD9-12A67B2A4046}.Release|Any CPU.ActiveCfg = Release|Any CPU
		{46983A93-58F0-438C-BDD9-12A67B2A4046}.Release|Any CPU.Build.0 = Release|Any CPU
		{46983A93-58F0-438C-BDD9-12A67B2A4046}.Release|x64.ActiveCfg = Release|Any CPU
		{46983A93-58F0-438C-BDD9-12A67B2A4046}.Release|x64.Build.0 = Release|Any CPU
		{B1E28FD1-8FAF-47F6-BCE4-E87FE8DA2C9F}.Debug|Any CPU.ActiveCfg = Debug|Any CPU
		{B1E28FD1-8FAF-47F6-BCE4-E87FE8DA2C9F}.Debug|Any CPU.Build.0 = Debug|Any CPU
		{B1E28FD1-8FAF-47F6-BCE4-E87FE8DA2C9F}.Debug|x64.ActiveCfg = Debug|Any CPU
		{B1E28FD1-8FAF-47F6-BCE4-E87FE8DA2C9F}.Debug|x64.Build.0 = Debug|Any CPU
		{B1E28FD1-8FAF-47F6-BCE4-E87FE8DA2C9F}.Release|Any CPU.ActiveCfg = Release|Any CPU
		{B1E28FD1-8FAF-47F6-BCE4-E87FE8DA2C9F}.Release|Any CPU.Build.0 = Release|Any CPU
		{B1E28FD1-8FAF-47F6-BCE4-E87FE8DA2C9F}.Release|x64.ActiveCfg = Release|Any CPU
		{B1E28FD1-8FAF-47F6-BCE4-E87FE8DA2C9F}.Release|x64.Build.0 = Release|Any CPU
		{0DB4185A-72A8-4180-8BAB-86F4DD9CE424}.Debug|Any CPU.ActiveCfg = Debug|Any CPU
		{0DB4185A-72A8-4180-8BAB-86F4DD9CE424}.Debug|Any CPU.Build.0 = Debug|Any CPU
		{0DB4185A-72A8-4180-8BAB-86F4DD9CE424}.Debug|x64.ActiveCfg = Debug|Any CPU
		{0DB4185A-72A8-4180-8BAB-86F4DD9CE424}.Debug|x64.Build.0 = Debug|Any CPU
		{0DB4185A-72A8-4180-8BAB-86F4DD9CE424}.Release|Any CPU.ActiveCfg = Release|Any CPU
		{0DB4185A-72A8-4180-8BAB-86F4DD9CE424}.Release|Any CPU.Build.0 = Release|Any CPU
		{0DB4185A-72A8-4180-8BAB-86F4DD9CE424}.Release|x64.ActiveCfg = Release|Any CPU
		{0DB4185A-72A8-4180-8BAB-86F4DD9CE424}.Release|x64.Build.0 = Release|Any CPU
		{5480D062-E499-47E1-9B6E-B9E25DAE7B26}.Debug|Any CPU.ActiveCfg = Debug|Any CPU
		{5480D062-E499-47E1-9B6E-B9E25DAE7B26}.Debug|Any CPU.Build.0 = Debug|Any CPU
		{5480D062-E499-47E1-9B6E-B9E25DAE7B26}.Debug|x64.ActiveCfg = Debug|Any CPU
		{5480D062-E499-47E1-9B6E-B9E25DAE7B26}.Debug|x64.Build.0 = Debug|Any CPU
		{5480D062-E499-47E1-9B6E-B9E25DAE7B26}.Release|Any CPU.ActiveCfg = Release|Any CPU
		{5480D062-E499-47E1-9B6E-B9E25DAE7B26}.Release|Any CPU.Build.0 = Release|Any CPU
		{5480D062-E499-47E1-9B6E-B9E25DAE7B26}.Release|x64.ActiveCfg = Release|Any CPU
		{5480D062-E499-47E1-9B6E-B9E25DAE7B26}.Release|x64.Build.0 = Release|Any CPU
		{35B790CD-25A8-4C0D-B802-C4DD1FF28532}.Debug|Any CPU.ActiveCfg = Debug|Any CPU
		{35B790CD-25A8-4C0D-B802-C4DD1FF28532}.Debug|Any CPU.Build.0 = Debug|Any CPU
		{35B790CD-25A8-4C0D-B802-C4DD1FF28532}.Debug|x64.ActiveCfg = Debug|Any CPU
		{35B790CD-25A8-4C0D-B802-C4DD1FF28532}.Debug|x64.Build.0 = Debug|Any CPU
		{35B790CD-25A8-4C0D-B802-C4DD1FF28532}.Release|Any CPU.ActiveCfg = Release|Any CPU
		{35B790CD-25A8-4C0D-B802-C4DD1FF28532}.Release|Any CPU.Build.0 = Release|Any CPU
		{35B790CD-25A8-4C0D-B802-C4DD1FF28532}.Release|x64.ActiveCfg = Release|Any CPU
		{35B790CD-25A8-4C0D-B802-C4DD1FF28532}.Release|x64.Build.0 = Release|Any CPU
		{02768C98-1424-43E5-8840-6157A310D8A4}.Debug|Any CPU.ActiveCfg = Debug|Any CPU
		{02768C98-1424-43E5-8840-6157A310D8A4}.Debug|Any CPU.Build.0 = Debug|Any CPU
		{02768C98-1424-43E5-8840-6157A310D8A4}.Debug|x64.ActiveCfg = Debug|Any CPU
		{02768C98-1424-43E5-8840-6157A310D8A4}.Debug|x64.Build.0 = Debug|Any CPU
		{02768C98-1424-43E5-8840-6157A310D8A4}.Release|Any CPU.ActiveCfg = Release|Any CPU
		{02768C98-1424-43E5-8840-6157A310D8A4}.Release|Any CPU.Build.0 = Release|Any CPU
		{02768C98-1424-43E5-8840-6157A310D8A4}.Release|x64.ActiveCfg = Release|Any CPU
		{02768C98-1424-43E5-8840-6157A310D8A4}.Release|x64.Build.0 = Release|Any CPU
		{0FBF9BA4-4748-46BD-B58F-31DD506398A5}.Debug|Any CPU.ActiveCfg = Debug|Any CPU
		{0FBF9BA4-4748-46BD-B58F-31DD506398A5}.Debug|Any CPU.Build.0 = Debug|Any CPU
		{0FBF9BA4-4748-46BD-B58F-31DD506398A5}.Debug|x64.ActiveCfg = Debug|Any CPU
		{0FBF9BA4-4748-46BD-B58F-31DD506398A5}.Debug|x64.Build.0 = Debug|Any CPU
		{0FBF9BA4-4748-46BD-B58F-31DD506398A5}.Release|Any CPU.ActiveCfg = Release|Any CPU
		{0FBF9BA4-4748-46BD-B58F-31DD506398A5}.Release|Any CPU.Build.0 = Release|Any CPU
		{0FBF9BA4-4748-46BD-B58F-31DD506398A5}.Release|x64.ActiveCfg = Release|Any CPU
		{0FBF9BA4-4748-46BD-B58F-31DD506398A5}.Release|x64.Build.0 = Release|Any CPU
		{A9EF738F-E9F0-4395-8538-EB59C2F1EA78}.Debug|Any CPU.ActiveCfg = Debug|Any CPU
		{A9EF738F-E9F0-4395-8538-EB59C2F1EA78}.Debug|Any CPU.Build.0 = Debug|Any CPU
		{A9EF738F-E9F0-4395-8538-EB59C2F1EA78}.Debug|x64.ActiveCfg = Debug|Any CPU
		{A9EF738F-E9F0-4395-8538-EB59C2F1EA78}.Debug|x64.Build.0 = Debug|Any CPU
		{A9EF738F-E9F0-4395-8538-EB59C2F1EA78}.Release|Any CPU.ActiveCfg = Release|Any CPU
		{A9EF738F-E9F0-4395-8538-EB59C2F1EA78}.Release|Any CPU.Build.0 = Release|Any CPU
		{A9EF738F-E9F0-4395-8538-EB59C2F1EA78}.Release|x64.ActiveCfg = Release|Any CPU
		{A9EF738F-E9F0-4395-8538-EB59C2F1EA78}.Release|x64.Build.0 = Release|Any CPU
		{B6E259E2-C6AB-433A-A6A1-A1D573F44071}.Debug|Any CPU.ActiveCfg = Debug|Any CPU
		{B6E259E2-C6AB-433A-A6A1-A1D573F44071}.Debug|Any CPU.Build.0 = Debug|Any CPU
		{B6E259E2-C6AB-433A-A6A1-A1D573F44071}.Debug|x64.ActiveCfg = Debug|Any CPU
		{B6E259E2-C6AB-433A-A6A1-A1D573F44071}.Debug|x64.Build.0 = Debug|Any CPU
		{B6E259E2-C6AB-433A-A6A1-A1D573F44071}.Release|Any CPU.ActiveCfg = Release|Any CPU
		{B6E259E2-C6AB-433A-A6A1-A1D573F44071}.Release|Any CPU.Build.0 = Release|Any CPU
		{B6E259E2-C6AB-433A-A6A1-A1D573F44071}.Release|x64.ActiveCfg = Release|Any CPU
		{B6E259E2-C6AB-433A-A6A1-A1D573F44071}.Release|x64.Build.0 = Release|Any CPU
		{CB5BF385-E54B-4494-96FD-278AD0F6B77F}.Debug|Any CPU.ActiveCfg = Debug|Any CPU
		{CB5BF385-E54B-4494-96FD-278AD0F6B77F}.Debug|Any CPU.Build.0 = Debug|Any CPU
		{CB5BF385-E54B-4494-96FD-278AD0F6B77F}.Debug|x64.ActiveCfg = Debug|Any CPU
		{CB5BF385-E54B-4494-96FD-278AD0F6B77F}.Debug|x64.Build.0 = Debug|Any CPU
		{CB5BF385-E54B-4494-96FD-278AD0F6B77F}.Release|Any CPU.ActiveCfg = Release|Any CPU
		{CB5BF385-E54B-4494-96FD-278AD0F6B77F}.Release|Any CPU.Build.0 = Release|Any CPU
		{CB5BF385-E54B-4494-96FD-278AD0F6B77F}.Release|x64.ActiveCfg = Release|Any CPU
		{CB5BF385-E54B-4494-96FD-278AD0F6B77F}.Release|x64.Build.0 = Release|Any CPU
		{978F4487-DFF4-4569-BC3D-CE03D1B0A5C5}.Debug|Any CPU.ActiveCfg = Debug|Any CPU
		{978F4487-DFF4-4569-BC3D-CE03D1B0A5C5}.Debug|Any CPU.Build.0 = Debug|Any CPU
		{978F4487-DFF4-4569-BC3D-CE03D1B0A5C5}.Debug|x64.ActiveCfg = Debug|Any CPU
		{978F4487-DFF4-4569-BC3D-CE03D1B0A5C5}.Debug|x64.Build.0 = Debug|Any CPU
		{978F4487-DFF4-4569-BC3D-CE03D1B0A5C5}.Release|Any CPU.ActiveCfg = Release|Any CPU
		{978F4487-DFF4-4569-BC3D-CE03D1B0A5C5}.Release|Any CPU.Build.0 = Release|Any CPU
		{978F4487-DFF4-4569-BC3D-CE03D1B0A5C5}.Release|x64.ActiveCfg = Release|Any CPU
		{978F4487-DFF4-4569-BC3D-CE03D1B0A5C5}.Release|x64.Build.0 = Release|Any CPU
		{49572521-4F28-420D-B657-0B6C19EC13A4}.Debug|Any CPU.ActiveCfg = Debug|Any CPU
		{49572521-4F28-420D-B657-0B6C19EC13A4}.Debug|Any CPU.Build.0 = Debug|Any CPU
		{49572521-4F28-420D-B657-0B6C19EC13A4}.Debug|x64.ActiveCfg = Debug|Any CPU
		{49572521-4F28-420D-B657-0B6C19EC13A4}.Debug|x64.Build.0 = Debug|Any CPU
		{49572521-4F28-420D-B657-0B6C19EC13A4}.Release|Any CPU.ActiveCfg = Release|Any CPU
		{49572521-4F28-420D-B657-0B6C19EC13A4}.Release|Any CPU.Build.0 = Release|Any CPU
		{49572521-4F28-420D-B657-0B6C19EC13A4}.Release|x64.ActiveCfg = Release|Any CPU
		{49572521-4F28-420D-B657-0B6C19EC13A4}.Release|x64.Build.0 = Release|Any CPU
		{20B35E70-CE83-4E87-BAE0-1F8AA254A607}.Debug|Any CPU.ActiveCfg = Debug|Any CPU
		{20B35E70-CE83-4E87-BAE0-1F8AA254A607}.Debug|Any CPU.Build.0 = Debug|Any CPU
		{20B35E70-CE83-4E87-BAE0-1F8AA254A607}.Debug|x64.ActiveCfg = Debug|Any CPU
		{20B35E70-CE83-4E87-BAE0-1F8AA254A607}.Debug|x64.Build.0 = Debug|Any CPU
		{20B35E70-CE83-4E87-BAE0-1F8AA254A607}.Release|Any CPU.ActiveCfg = Release|Any CPU
		{20B35E70-CE83-4E87-BAE0-1F8AA254A607}.Release|Any CPU.Build.0 = Release|Any CPU
		{20B35E70-CE83-4E87-BAE0-1F8AA254A607}.Release|x64.ActiveCfg = Release|Any CPU
		{20B35E70-CE83-4E87-BAE0-1F8AA254A607}.Release|x64.Build.0 = Release|Any CPU
		{F2255F84-E061-401C-B1DC-6516DD62A857}.Debug|Any CPU.ActiveCfg = Debug|Any CPU
		{F2255F84-E061-401C-B1DC-6516DD62A857}.Debug|Any CPU.Build.0 = Debug|Any CPU
		{F2255F84-E061-401C-B1DC-6516DD62A857}.Debug|x64.ActiveCfg = Debug|Any CPU
		{F2255F84-E061-401C-B1DC-6516DD62A857}.Debug|x64.Build.0 = Debug|Any CPU
		{F2255F84-E061-401C-B1DC-6516DD62A857}.Release|Any CPU.ActiveCfg = Release|Any CPU
		{F2255F84-E061-401C-B1DC-6516DD62A857}.Release|Any CPU.Build.0 = Release|Any CPU
		{F2255F84-E061-401C-B1DC-6516DD62A857}.Release|x64.ActiveCfg = Release|Any CPU
		{F2255F84-E061-401C-B1DC-6516DD62A857}.Release|x64.Build.0 = Release|Any CPU
		{74A28BDC-73B4-4659-A4E5-A538813EF6B8}.Debug|Any CPU.ActiveCfg = Debug|Any CPU
		{74A28BDC-73B4-4659-A4E5-A538813EF6B8}.Debug|Any CPU.Build.0 = Debug|Any CPU
		{74A28BDC-73B4-4659-A4E5-A538813EF6B8}.Debug|x64.ActiveCfg = Debug|Any CPU
		{74A28BDC-73B4-4659-A4E5-A538813EF6B8}.Debug|x64.Build.0 = Debug|Any CPU
		{74A28BDC-73B4-4659-A4E5-A538813EF6B8}.Release|Any CPU.ActiveCfg = Release|Any CPU
		{74A28BDC-73B4-4659-A4E5-A538813EF6B8}.Release|Any CPU.Build.0 = Release|Any CPU
		{74A28BDC-73B4-4659-A4E5-A538813EF6B8}.Release|x64.ActiveCfg = Release|Any CPU
		{74A28BDC-73B4-4659-A4E5-A538813EF6B8}.Release|x64.Build.0 = Release|Any CPU
		{E0336FB5-7428-7DF3-217C-8C737F4B0F59}.Debug|Any CPU.ActiveCfg = Debug|Any CPU
		{E0336FB5-7428-7DF3-217C-8C737F4B0F59}.Debug|Any CPU.Build.0 = Debug|Any CPU
		{E0336FB5-7428-7DF3-217C-8C737F4B0F59}.Debug|x64.ActiveCfg = Debug|Any CPU
		{E0336FB5-7428-7DF3-217C-8C737F4B0F59}.Debug|x64.Build.0 = Debug|Any CPU
		{E0336FB5-7428-7DF3-217C-8C737F4B0F59}.Release|Any CPU.ActiveCfg = Release|Any CPU
		{E0336FB5-7428-7DF3-217C-8C737F4B0F59}.Release|Any CPU.Build.0 = Release|Any CPU
		{E0336FB5-7428-7DF3-217C-8C737F4B0F59}.Release|x64.ActiveCfg = Release|Any CPU
		{E0336FB5-7428-7DF3-217C-8C737F4B0F59}.Release|x64.Build.0 = Release|Any CPU
		{7356BC8C-7CF5-4426-A286-497A751EB51E}.Debug|Any CPU.ActiveCfg = Debug|Any CPU
		{7356BC8C-7CF5-4426-A286-497A751EB51E}.Debug|Any CPU.Build.0 = Debug|Any CPU
		{7356BC8C-7CF5-4426-A286-497A751EB51E}.Debug|x64.ActiveCfg = Debug|Any CPU
		{7356BC8C-7CF5-4426-A286-497A751EB51E}.Debug|x64.Build.0 = Debug|Any CPU
		{7356BC8C-7CF5-4426-A286-497A751EB51E}.Release|Any CPU.ActiveCfg = Release|Any CPU
		{7356BC8C-7CF5-4426-A286-497A751EB51E}.Release|Any CPU.Build.0 = Release|Any CPU
		{7356BC8C-7CF5-4426-A286-497A751EB51E}.Release|x64.ActiveCfg = Release|Any CPU
		{7356BC8C-7CF5-4426-A286-497A751EB51E}.Release|x64.Build.0 = Release|Any CPU
		{CAA4EDC6-9717-4F84-AAE9-0B35D6158B18}.Debug|Any CPU.ActiveCfg = Debug|Any CPU
		{CAA4EDC6-9717-4F84-AAE9-0B35D6158B18}.Debug|Any CPU.Build.0 = Debug|Any CPU
		{CAA4EDC6-9717-4F84-AAE9-0B35D6158B18}.Debug|x64.ActiveCfg = Debug|Any CPU
		{CAA4EDC6-9717-4F84-AAE9-0B35D6158B18}.Debug|x64.Build.0 = Debug|Any CPU
		{CAA4EDC6-9717-4F84-AAE9-0B35D6158B18}.Release|Any CPU.ActiveCfg = Release|Any CPU
		{CAA4EDC6-9717-4F84-AAE9-0B35D6158B18}.Release|Any CPU.Build.0 = Release|Any CPU
		{CAA4EDC6-9717-4F84-AAE9-0B35D6158B18}.Release|x64.ActiveCfg = Release|Any CPU
		{CAA4EDC6-9717-4F84-AAE9-0B35D6158B18}.Release|x64.Build.0 = Release|Any CPU
		{BB1371EE-B8B7-4629-AE12-93FD5B19194A}.Debug|Any CPU.ActiveCfg = Debug|Any CPU
		{BB1371EE-B8B7-4629-AE12-93FD5B19194A}.Debug|Any CPU.Build.0 = Debug|Any CPU
		{BB1371EE-B8B7-4629-AE12-93FD5B19194A}.Debug|x64.ActiveCfg = Debug|Any CPU
		{BB1371EE-B8B7-4629-AE12-93FD5B19194A}.Debug|x64.Build.0 = Debug|Any CPU
		{BB1371EE-B8B7-4629-AE12-93FD5B19194A}.Release|Any CPU.ActiveCfg = Release|Any CPU
		{BB1371EE-B8B7-4629-AE12-93FD5B19194A}.Release|Any CPU.Build.0 = Release|Any CPU
		{BB1371EE-B8B7-4629-AE12-93FD5B19194A}.Release|x64.ActiveCfg = Release|Any CPU
		{BB1371EE-B8B7-4629-AE12-93FD5B19194A}.Release|x64.Build.0 = Release|Any CPU
	EndGlobalSection
	GlobalSection(SolutionProperties) = preSolution
		HideSolutionNode = FALSE
	EndGlobalSection
	GlobalSection(ExtensibilityGlobals) = postSolution
		SolutionGuid = {41C148B8-536C-46C7-B830-72978F6AA04B}
	EndGlobalSection
EndGlobal
