
Microsoft Visual Studio Solution File, Format Version 12.00
# Visual Studio Version 17
VisualStudioVersion = 17.14.36623.8
MinimumVisualStudioVersion = 10.0.40219.1
Project("{FAE04EC0-301F-11D3-BF4B-00C04F79EFBC}") = "001_Basics", "001_Basics\001_Basics.csproj", "{07D06E19-DB6E-423A-860E-3F78D2ED3854}"
EndProject
Project("{FAE04EC0-301F-11D3-BF4B-00C04F79EFBC}") = "002_Arrays", "002_Arrays\002_Arrays.csproj", "{12A88011-855F-4EBC-9131-F2DFAF520090}"
EndProject
Project("{FAE04EC0-301F-11D3-BF4B-00C04F79EFBC}") = "003_String", "003_String\003_String.csproj", "{FD99150E-8E50-4AD1-BE38-A75360EDCFC7}"
EndProject
Project("{FAE04EC0-301F-11D3-BF4B-00C04F79EFBC}") = "004_Classes", "004_Classes\004_Classes.csproj", "{1296B970-9B57-4500-B1F8-518C9DDC622D}"
EndProject
Project("{FAE04EC0-301F-11D3-BF4B-00C04F79EFBC}") = "005_WFExamples", "005_WFExamples\005_WFExamples.csproj", "{B2F47B89-507A-4F97-A22E-75DEAED7D12A}"
EndProject
Project("{FAE04EC0-301F-11D3-BF4B-00C04F79EFBC}") = "006_NameSpace", "006_NameSpace\006_NameSpace.csproj", "{318EE874-9693-49B1-AD01-021BFBFEECB6}"
EndProject
Project("{FAE04EC0-301F-11D3-BF4B-00C04F79EFBC}") = "007_ClassPractice", "007_ClassPractice\007_ClassPractice.csproj", "{C1090C3F-D5F4-4B1B-A718-AA7E219E2DB5}"
EndProject
Project("{FAE04EC0-301F-11D3-BF4B-00C04F79EFBC}") = "008_Properties", "008_Prpperties\008_Properties.csproj", "{8576C480-BA5F-45E5-BC21-C76CA2BA833B}"
EndProject
Project("{FAE04EC0-301F-11D3-BF4B-00C04F79EFBC}") = "009_Structures", "009_Structures\009_Structures.csproj", "{32CCAF53-A633-4CBB-9D77-7545FD7653EA}"
EndProject
Project("{FAE04EC0-301F-11D3-BF4B-00C04F79EFBC}") = "010_Enumerations", "010_Enumerations\010_Enumerations.csproj", "{70C95CA6-5BEA-4844-8BFA-CFD213C00D46}"
EndProject
Global
	GlobalSection(SolutionConfigurationPlatforms) = preSolution
		Debug|Any CPU = Debug|Any CPU
		Release|Any CPU = Release|Any CPU
	EndGlobalSection
	GlobalSection(ProjectConfigurationPlatforms) = postSolution
		{07D06E19-DB6E-423A-860E-3F78D2ED3854}.Debug|Any CPU.ActiveCfg = Debug|Any CPU
		{07D06E19-DB6E-423A-860E-3F78D2ED3854}.Debug|Any CPU.Build.0 = Debug|Any CPU
		{07D06E19-DB6E-423A-860E-3F78D2ED3854}.Release|Any CPU.ActiveCfg = Release|Any CPU
		{07D06E19-DB6E-423A-860E-3F78D2ED3854}.Release|Any CPU.Build.0 = Release|Any CPU
		{12A88011-855F-4EBC-9131-F2DFAF520090}.Debug|Any CPU.ActiveCfg = Debug|Any CPU
		{12A88011-855F-4EBC-9131-F2DFAF520090}.Debug|Any CPU.Build.0 = Debug|Any CPU
		{12A88011-855F-4EBC-9131-F2DFAF520090}.Release|Any CPU.ActiveCfg = Release|Any CPU
		{12A88011-855F-4EBC-9131-F2DFAF520090}.Release|Any CPU.Build.0 = Release|Any CPU
		{FD99150E-8E50-4AD1-BE38-A75360EDCFC7}.Debug|Any CPU.ActiveCfg = Debug|Any CPU
		{FD99150E-8E50-4AD1-BE38-A75360EDCFC7}.Debug|Any CPU.Build.0 = Debug|Any CPU
		{FD99150E-8E50-4AD1-BE38-A75360EDCFC7}.Release|Any CPU.ActiveCfg = Release|Any CPU
		{FD99150E-8E50-4AD1-BE38-A75360EDCFC7}.Release|Any CPU.Build.0 = Release|Any CPU
		{1296B970-9B57-4500-B1F8-518C9DDC622D}.Debug|Any CPU.ActiveCfg = Debug|Any CPU
		{1296B970-9B57-4500-B1F8-518C9DDC622D}.Debug|Any CPU.Build.0 = Debug|Any CPU
		{1296B970-9B57-4500-B1F8-518C9DDC622D}.Release|Any CPU.ActiveCfg = Release|Any CPU
		{1296B970-9B57-4500-B1F8-518C9DDC622D}.Release|Any CPU.Build.0 = Release|Any CPU
		{B2F47B89-507A-4F97-A22E-75DEAED7D12A}.Debug|Any CPU.ActiveCfg = Debug|Any CPU
		{B2F47B89-507A-4F97-A22E-75DEAED7D12A}.Debug|Any CPU.Build.0 = Debug|Any CPU
		{B2F47B89-507A-4F97-A22E-75DEAED7D12A}.Release|Any CPU.ActiveCfg = Release|Any CPU
		{B2F47B89-507A-4F97-A22E-75DEAED7D12A}.Release|Any CPU.Build.0 = Release|Any CPU
		{318EE874-9693-49B1-AD01-021BFBFEECB6}.Debug|Any CPU.ActiveCfg = Debug|Any CPU
		{318EE874-9693-49B1-AD01-021BFBFEECB6}.Debug|Any CPU.Build.0 = Debug|Any CPU
		{318EE874-9693-49B1-AD01-021BFBFEECB6}.Release|Any CPU.ActiveCfg = Release|Any CPU
		{318EE874-9693-49B1-AD01-021BFBFEECB6}.Release|Any CPU.Build.0 = Release|Any CPU
		{C1090C3F-D5F4-4B1B-A718-AA7E219E2DB5}.Debug|Any CPU.ActiveCfg = Debug|Any CPU
		{C1090C3F-D5F4-4B1B-A718-AA7E219E2DB5}.Debug|Any CPU.Build.0 = Debug|Any CPU
		{C1090C3F-D5F4-4B1B-A718-AA7E219E2DB5}.Release|Any CPU.ActiveCfg = Release|Any CPU
		{C1090C3F-D5F4-4B1B-A718-AA7E219E2DB5}.Release|Any CPU.Build.0 = Release|Any CPU
		{8576C480-BA5F-45E5-BC21-C76CA2BA833B}.Debug|Any CPU.ActiveCfg = Debug|Any CPU
		{8576C480-BA5F-45E5-BC21-C76CA2BA833B}.Debug|Any CPU.Build.0 = Debug|Any CPU
		{8576C480-BA5F-45E5-BC21-C76CA2BA833B}.Release|Any CPU.ActiveCfg = Release|Any CPU
		{8576C480-BA5F-45E5-BC21-C76CA2BA833B}.Release|Any CPU.Build.0 = Release|Any CPU
		{32CCAF53-A633-4CBB-9D77-7545FD7653EA}.Debug|Any CPU.ActiveCfg = Debug|Any CPU
		{32CCAF53-A633-4CBB-9D77-7545FD7653EA}.Debug|Any CPU.Build.0 = Debug|Any CPU
		{32CCAF53-A633-4CBB-9D77-7545FD7653EA}.Release|Any CPU.ActiveCfg = Release|Any CPU
		{32CCAF53-A633-4CBB-9D77-7545FD7653EA}.Release|Any CPU.Build.0 = Release|Any CPU
		{70C95CA6-5BEA-4844-8BFA-CFD213C00D46}.Debug|Any CPU.ActiveCfg = Debug|Any CPU
		{70C95CA6-5BEA-4844-8BFA-CFD213C00D46}.Debug|Any CPU.Build.0 = Debug|Any CPU
		{70C95CA6-5BEA-4844-8BFA-CFD213C00D46}.Release|Any CPU.ActiveCfg = Release|Any CPU
		{70C95CA6-5BEA-4844-8BFA-CFD213C00D46}.Release|Any CPU.Build.0 = Release|Any CPU
	EndGlobalSection
	GlobalSection(SolutionProperties) = preSolution
		HideSolutionNode = FALSE
	EndGlobalSection
	GlobalSection(ExtensibilityGlobals) = postSolution
		SolutionGuid = {D5A47ED0-026F-4043-87FD-5024D6498093}
	EndGlobalSection
EndGlobal
